
Microsoft Visual Studio Solution File, Format Version 12.00
# Visual Studio 15
VisualStudioVersion = 15.0.26403.0
MinimumVisualStudioVersion = 10.0.40219.1
Project("{9A19103F-16F7-4668-BE54-9A1E7A4F7556}") = "MERP2", "MERP2.csproj", "{33E45B5D-0AAD-418C-B09F-2B56A0C8AF1A}"
EndProject
Project("{9A19103F-16F7-4668-BE54-9A1E7A4F7556}") = "Model.VAN", "..\Model.VAN\Model.VAN.csproj", "{F7783B8B-6B03-4C20-8C0E-6027E48CB28E}"
EndProject
Global
	GlobalSection(SolutionConfigurationPlatforms) = preSolution
		Debug|Any CPU = Debug|Any CPU
		Release|Any CPU = Release|Any CPU
	EndGlobalSection
	GlobalSection(ProjectConfigurationPlatforms) = postSolution
		{33E45B5D-0AAD-418C-B09F-2B56A0C8AF1A}.Debug|Any CPU.ActiveCfg = Debug|Any CPU
		{33E45B5D-0AAD-418C-B09F-2B56A0C8AF1A}.Debug|Any CPU.Build.0 = Debug|Any CPU
		{33E45B5D-0AAD-418C-B09F-2B56A0C8AF1A}.Release|Any CPU.ActiveCfg = Release|Any CPU
		{33E45B5D-0AAD-418C-B09F-2B56A0C8AF1A}.Release|Any CPU.Build.0 = Release|Any CPU
		{F7783B8B-6B03-4C20-8C0E-6027E48CB28E}.Debug|Any CPU.ActiveCfg = Debug|Any CPU
		{F7783B8B-6B03-4C20-8C0E-6027E48CB28E}.Debug|Any CPU.Build.0 = Debug|Any CPU
		{F7783B8B-6B03-4C20-8C0E-6027E48CB28E}.Release|Any CPU.ActiveCfg = Release|Any CPU
		{F7783B8B-6B03-4C20-8C0E-6027E48CB28E}.Release|Any CPU.Build.0 = Release|Any CPU
	EndGlobalSection
	GlobalSection(SolutionProperties) = preSolution
		HideSolutionNode = FALSE
	EndGlobalSection
EndGlobal
